
Microsoft Visual Studio Solution File, Format Version 12.00
# Visual Studio Version 17
VisualStudioVersion = 17.4.33213.308
MinimumVisualStudioVersion = 10.0.40219.1
Project("{FAE04EC0-301F-11D3-BF4B-00C04F79EFBC}") = "cruddemo", "cruddemo.csproj", "{1513D07D-2B77-4105-868C-62138633C491}"
EndProject
Global
	GlobalSection(SolutionConfigurationPlatforms) = preSolution
		Debug|Any CPU = Debug|Any CPU
		Release|Any CPU = Release|Any CPU
	EndGlobalSection
	GlobalSection(ProjectConfigurationPlatforms) = postSolution
		{1513D07D-2B77-4105-868C-62138633C491}.Debug|Any CPU.ActiveCfg = Debug|Any CPU
		{1513D07D-2B77-4105-868C-62138633C491}.Debug|Any CPU.Build.0 = Debug|Any CPU
		{1513D07D-2B77-4105-868C-62138633C491}.Release|Any CPU.ActiveCfg = Release|Any CPU
		{1513D07D-2B77-4105-868C-62138633C491}.Release|Any CPU.Build.0 = Release|Any CPU
	EndGlobalSection
	GlobalSection(SolutionProperties) = preSolution
		HideSolutionNode = FALSE
	EndGlobalSection
	GlobalSection(ExtensibilityGlobals) = postSolution
		SolutionGuid = {CB07673B-9C13-42E6-8647-5E0909A4440A}
	EndGlobalSection
EndGlobal
